
Microsoft Visual Studio Solution File, Format Version 12.00
# Visual Studio Version 16
VisualStudioVersion = 16.0.31025.194
MinimumVisualStudioVersion = 10.0.40219.1
Project("{FAE04EC0-301F-11D3-BF4B-00C04F79EFBC}") = "AspWithNUnit", "AspWithNUnit\AspWithNUnit.csproj", "{2FAC3FC7-BEA8-4441-8D9A-FF6A61B95C31}"
EndProject
Project("{FAE04EC0-301F-11D3-BF4B-00C04F79EFBC}") = "AspWithNUnit.Test", "AspWithNUnit.Test\AspWithNUnit.Test.csproj", "{1DD69EB5-E3B0-43C6-AA49-E8633E90D3A3}"
EndProject
Global
	GlobalSection(SolutionConfigurationPlatforms) = preSolution
		Debug|Any CPU = Debug|Any CPU
		Release|Any CPU = Release|Any CPU
	EndGlobalSection
	GlobalSection(ProjectConfigurationPlatforms) = postSolution
		{2FAC3FC7-BEA8-4441-8D9A-FF6A61B95C31}.Debug|Any CPU.ActiveCfg = Debug|Any CPU
		{2FAC3FC7-BEA8-4441-8D9A-FF6A61B95C31}.Debug|Any CPU.Build.0 = Debug|Any CPU
		{2FAC3FC7-BEA8-4441-8D9A-FF6A61B95C31}.Release|Any CPU.ActiveCfg = Release|Any CPU
		{2FAC3FC7-BEA8-4441-8D9A-FF6A61B95C31}.Release|Any CPU.Build.0 = Release|Any CPU
		{1DD69EB5-E3B0-43C6-AA49-E8633E90D3A3}.Debug|Any CPU.ActiveCfg = Debug|Any CPU
		{1DD69EB5-E3B0-43C6-AA49-E8633E90D3A3}.Debug|Any CPU.Build.0 = Debug|Any CPU
		{1DD69EB5-E3B0-43C6-AA49-E8633E90D3A3}.Release|Any CPU.ActiveCfg = Release|Any CPU
		{1DD69EB5-E3B0-43C6-AA49-E8633E90D3A3}.Release|Any CPU.Build.0 = Release|Any CPU
	EndGlobalSection
	GlobalSection(SolutionProperties) = preSolution
		HideSolutionNode = FALSE
	EndGlobalSection
	GlobalSection(ExtensibilityGlobals) = postSolution
		SolutionGuid = {97B715EF-9899-4864-9998-719A79E07A27}
	EndGlobalSection
EndGlobal
